Microsoft Visual Studio Solution File, Format Version 11.00
# Visual Studio 2008

Project("{2839EAC3-5DCC-1DF3-A950-3D5FC1016C5D}") = "CounterStrike-0.6", "Assembly-CSharp-firstpass.csproj", "{4303D743-3188-B7D6-0EA3-B1A5D78D8DE0}"
EndProject
Project("{2839EAC3-5DCC-1DF3-A950-3D5FC1016C5D}") = "CounterStrike-0.6", "Assembly-CSharp.csproj", "{F011BFD9-2E32-B75F-4DCC-78C6292D4ED6}"
EndProject
Project("{2839EAC3-5DCC-1DF3-A950-3D5FC1016C5D}") = "CounterStrike-0.6", "Assembly-CSharp-Editor.csproj", "{69785CD0-E258-1851-B03B-61914EB1F4B1}"
EndProject
Project("{2839EAC3-5DCC-1DF3-A950-3D5FC1016C5D}") = "CounterStrike-0.6", "Assembly-UnityScript.unityproj", "{4F110969-0CCF-EF6E-C3DB-89FF3D0B0387}"
EndProject
Global
	GlobalSection(SolutionConfigurationPlatforms) = preSolution
		Debug|Any CPU = Debug|Any CPU
		Release|Any CPU = Release|Any CPU
	EndGlobalSection
	GlobalSection(ProjectConfigurationPlatforms) = postSolution
		{4303D743-3188-B7D6-0EA3-B1A5D78D8DE0}.Debug|Any CPU.ActiveCfg = Debug|Any CPU
		{4303D743-3188-B7D6-0EA3-B1A5D78D8DE0}.Debug|Any CPU.Build.0 = Debug|Any CPU
		{4303D743-3188-B7D6-0EA3-B1A5D78D8DE0}.Release|Any CPU.ActiveCfg = Release|Any CPU
		{4303D743-3188-B7D6-0EA3-B1A5D78D8DE0}.Release|Any CPU.Build.0 = Release|Any CPU
		{F011BFD9-2E32-B75F-4DCC-78C6292D4ED6}.Debug|Any CPU.ActiveCfg = Debug|Any CPU
		{F011BFD9-2E32-B75F-4DCC-78C6292D4ED6}.Debug|Any CPU.Build.0 = Debug|Any CPU
		{F011BFD9-2E32-B75F-4DCC-78C6292D4ED6}.Release|Any CPU.ActiveCfg = Release|Any CPU
		{F011BFD9-2E32-B75F-4DCC-78C6292D4ED6}.Release|Any CPU.Build.0 = Release|Any CPU
		{69785CD0-E258-1851-B03B-61914EB1F4B1}.Debug|Any CPU.ActiveCfg = Debug|Any CPU
		{69785CD0-E258-1851-B03B-61914EB1F4B1}.Debug|Any CPU.Build.0 = Debug|Any CPU
		{69785CD0-E258-1851-B03B-61914EB1F4B1}.Release|Any CPU.ActiveCfg = Release|Any CPU
		{69785CD0-E258-1851-B03B-61914EB1F4B1}.Release|Any CPU.Build.0 = Release|Any CPU
		{4F110969-0CCF-EF6E-C3DB-89FF3D0B0387}.Debug|Any CPU.ActiveCfg = Debug|Any CPU
		{4F110969-0CCF-EF6E-C3DB-89FF3D0B0387}.Debug|Any CPU.Build.0 = Debug|Any CPU
		{4F110969-0CCF-EF6E-C3DB-89FF3D0B0387}.Release|Any CPU.ActiveCfg = Release|Any CPU
		{4F110969-0CCF-EF6E-C3DB-89FF3D0B0387}.Release|Any CPU.Build.0 = Release|Any CPU
	EndGlobalSection
	GlobalSection(SolutionProperties) = preSolution
		HideSolutionNode = FALSE
	EndGlobalSection
	GlobalSection(MonoDevelopProperties) = preSolution
		StartupItem = Assembly-CSharp.csproj
	EndGlobalSection
EndGlobal
